
Microsoft Visual Studio Solution File, Format Version 12.00
# Visual Studio 15
VisualStudioVersion = 15.0.28307.329
MinimumVisualStudioVersion = 10.0.40219.1
Project("{FAE04EC0-301F-11D3-BF4B-00C04F79EFBC}") = "NABTest", "NABTest\NABTest.csproj", "{EAD02D7B-FB72-43AB-BAB3-9DD84A01EFF0}"
EndProject
Project("{FAE04EC0-301F-11D3-BF4B-00C04F79EFBC}") = "DepositBusiness", "DepositBusiness\DepositBusiness.csproj", "{5BD53F11-360C-4088-972F-568BA82239E2}"
EndProject
Global
	GlobalSection(SolutionConfigurationPlatforms) = preSolution
		Debug|Any CPU = Debug|Any CPU
		Release|Any CPU = Release|Any CPU
	EndGlobalSection
	GlobalSection(ProjectConfigurationPlatforms) = postSolution
		{EAD02D7B-FB72-43AB-BAB3-9DD84A01EFF0}.Debug|Any CPU.ActiveCfg = Debug|Any CPU
		{EAD02D7B-FB72-43AB-BAB3-9DD84A01EFF0}.Debug|Any CPU.Build.0 = Debug|Any CPU
		{EAD02D7B-FB72-43AB-BAB3-9DD84A01EFF0}.Release|Any CPU.ActiveCfg = Release|Any CPU
		{EAD02D7B-FB72-43AB-BAB3-9DD84A01EFF0}.Release|Any CPU.Build.0 = Release|Any CPU
		{5BD53F11-360C-4088-972F-568BA82239E2}.Debug|Any CPU.ActiveCfg = Debug|Any CPU
		{5BD53F11-360C-4088-972F-568BA82239E2}.Debug|Any CPU.Build.0 = Debug|Any CPU
		{5BD53F11-360C-4088-972F-568BA82239E2}.Release|Any CPU.ActiveCfg = Release|Any CPU
		{5BD53F11-360C-4088-972F-568BA82239E2}.Release|Any CPU.Build.0 = Release|Any CPU
	EndGlobalSection
	GlobalSection(SolutionProperties) = preSolution
		HideSolutionNode = FALSE
	EndGlobalSection
	GlobalSection(ExtensibilityGlobals) = postSolution
		SolutionGuid = {5C11F851-7CBE-49B8-BCB0-52BCE8821299}
	EndGlobalSection
EndGlobal
